schema: '2.0'
stages:
  data_ingestion:
    cmd: python -m src.cnnClassifier.pipeline.stage_01_data_ingestion
    deps:
    - path: config/config.yaml
      hash: md5
      md5: a895db311f34beaa5933b96228ac5d1d
      size: 780
    - path: params.yaml
      hash: md5
      md5: 95464a5e5083ef1df432863c47136e68
      size: 161
    - path: src/cnnClassifier/pipeline/stage_01_data_ingestion.py
      hash: md5
      md5: ba9a3de98c4a6b3bfbad85137341b2bd
      size: 936
    outs:
    - path: artifacts/data_ingestion/cats_set
      hash: md5
      md5: df8f5cb4afe2bfa6c3ceaa063f06a12c.dir
      size: 10614570
      nfiles: 500
    - path: artifacts/data_ingestion/dogs_set
      hash: md5
      md5: a01e16e79da3147a70c6dd16196c16d4.dir
      size: 12362152
      nfiles: 500
  prepare_base_model:
    cmd: python -m src.cnnClassifier.pipeline.stage_02_prepare_base_model
    deps:
    - path: config/config.yaml
      hash: md5
      md5: a895db311f34beaa5933b96228ac5d1d
      size: 780
    - path: params.yaml
      hash: md5
      md5: 9b69cf0455480439c09fdf3f30f79ed9
      size: 159
    - path: src/cnnClassifier/components/prepare_base_model.py
      hash: md5
      md5: 263ae35f4113d68f18c930f9cf1cda00
      size: 3088
    - path: src/cnnClassifier/pipeline/stage_02_prepare_base_model.py
      hash: md5
      md5: 860119d1e37151f28671240f25415fd3
      size: 1002
    outs:
    - path: artifacts/prepare_base_model
      hash: md5
      md5: 39774b5ef87940639a0d049e0413dec3.dir
      size: 1090528794
      nfiles: 2
  training:
    cmd: python -m src.cnnClassifier.pipeline.stage_03_training
    deps:
    - path: artifacts/data_ingestion/cats_set
      hash: md5
      md5: df8f5cb4afe2bfa6c3ceaa063f06a12c.dir
      size: 10614570
      nfiles: 500
    - path: artifacts/data_ingestion/dogs_set
      hash: md5
      md5: a01e16e79da3147a70c6dd16196c16d4.dir
      size: 12362152
      nfiles: 500
    - path: config/config.yaml
      hash: md5
      md5: a895db311f34beaa5933b96228ac5d1d
      size: 780
    - path: params.yaml
      hash: md5
      md5: 95464a5e5083ef1df432863c47136e68
      size: 161
    - path: src/cnnClassifier/components/training.py
      hash: md5
      md5: bc1aded32539e6baafc48d14852da7e2
      size: 4549
    - path: src/cnnClassifier/pipeline/stage_03_training.py
      hash: md5
      md5: 68177df8c9f2cbbdb4c76fb2c84e2949
      size: 1130
    outs:
    - path: artifacts/prepare_callbacks/checkpoint_dir
      hash: md5
      md5: a3d68db008464d1c9a5b817741163525.dir
      size: 537084407
      nfiles: 1
    - path: artifacts/prepare_callbacks/tensorboard_log_dir
      hash: md5
      md5: 6c14821139251ad3871c4a3e7b354732.dir
      size: 326
      nfiles: 1
    - path: artifacts/training/model.pth
      hash: md5
      md5: aa0afb2dc64669f32fd80e5e062fdf20
      size: 537084407
  evaluation:
    cmd: python -m src.cnnClassifier.pipeline.stage_04_evaluation
    deps:
    - path: artifacts/data_ingestion/cats_set
      hash: md5
      md5: df8f5cb4afe2bfa6c3ceaa063f06a12c.dir
      size: 10614570
      nfiles: 500
    - path: artifacts/data_ingestion/dogs_set
      hash: md5
      md5: a01e16e79da3147a70c6dd16196c16d4.dir
      size: 12362152
      nfiles: 500
    - path: artifacts/training/model.pth
      hash: md5
      md5: aa0afb2dc64669f32fd80e5e062fdf20
      size: 537084407
    - path: config/config.yaml
      hash: md5
      md5: a895db311f34beaa5933b96228ac5d1d
      size: 780
    - path: params.yaml
      hash: md5
      md5: 95464a5e5083ef1df432863c47136e68
      size: 161
    - path: src/cnnClassifier/components/evaluation.py
      hash: md5
      md5: 6b2ea5c39e7450c071bd953b7c630a22
      size: 3272
    - path: src/cnnClassifier/pipeline/stage_04_evaluation.py
      hash: md5
      md5: 25e7291a40bdc8420b50539194e39d0d
      size: 1015
    outs:
    - path: scores.json
      hash: md5
      md5: b0227fb07e2095b74bb6b1062841db17
      size: 45
